
Microsoft Visual Studio Solution File, Format Version 12.00
# Visual Studio Version 17
VisualStudioVersion = 17.13.35931.197 d17.13
MinimumVisualStudioVersion = 10.0.40219.1
Project("{FAE04EC0-301F-11D3-BF4B-00C04F79EFBC}") = "Cluedo_Winform_HelperApp", "Cluedo_Winform\Cluedo_Winform_HelperApp.csproj", "{E1CF8CB1-6884-4FD9-A314-34DF808D81FC}"
EndProject
Global
	GlobalSection(SolutionConfigurationPlatforms) = preSolution
		Debug|Any CPU = Debug|Any CPU
		Release|Any CPU = Release|Any CPU
	EndGlobalSection
	GlobalSection(ProjectConfigurationPlatforms) = postSolution
		{E1CF8CB1-6884-4FD9-A314-34DF808D81FC}.Debug|Any CPU.ActiveCfg = Debug|Any CPU
		{E1CF8CB1-6884-4FD9-A314-34DF808D81FC}.Debug|Any CPU.Build.0 = Debug|Any CPU
		{E1CF8CB1-6884-4FD9-A314-34DF808D81FC}.Release|Any CPU.ActiveCfg = Release|Any CPU
		{E1CF8CB1-6884-4FD9-A314-34DF808D81FC}.Release|Any CPU.Build.0 = Release|Any CPU
	EndGlobalSection
	GlobalSection(SolutionProperties) = preSolution
		HideSolutionNode = FALSE
	EndGlobalSection
	GlobalSection(ExtensibilityGlobals) = postSolution
		SolutionGuid = {1D40A8F0-6858-48F4-9657-47D044FA8ABB}
	EndGlobalSection
EndGlobal
